// !$*UTF8*$!
{
	archiveVersion = 1;
	classes = {
	};
	objectVersion = 47;
	objects = {

/* Begin PBXBuildFile section */
		1B6B1BC086DF4713BE5E0C32 /* CDVInAppBrowser.m in Sources */ = {isa = PBXBuildFile; fileRef = 79E6580DA90E4E41A2FFB923 /* CDVInAppBrowser.m */; };
		1D3623260D0F684500981E51 /* AppDelegate.m in Sources */ = {isa = PBXBuildFile; fileRef = 1D3623250D0F684500981E51 /* AppDelegate.m */; };
		1D60589B0D05DD56006BFB54 /* main.m in Sources */ = {isa = PBXBuildFile; fileRef = 29B97316FDCFA39411CA2CEA /* main.m */; };
		288765FD0DF74451002DB57D /* CoreGraphics.framework in Frameworks */ = {isa = PBXBuildFile; fileRef = 288765FC0DF74451002DB57D /* CoreGraphics.framework */; };
		301BF552109A68D80062928A /* libCordova.a in Frameworks */ = {isa = PBXBuildFile; fileRef = 301BF535109A57CC0062928A /* libCordova.a */; };
		302D95F114D2391D003F00A1 /* MainViewController.m in Sources */ = {isa = PBXBuildFile; fileRef = 302D95EF14D2391D003F00A1 /* MainViewController.m */; };
		302D95F214D2391D003F00A1 /* MainViewController.xib in Resources */ = {isa = PBXBuildFile; fileRef = 302D95F014D2391D003F00A1 /* MainViewController.xib */; };
		305D5FD1115AB8F900A74A75 /* MobileCoreServices.framework in Frameworks */ = {isa = PBXBuildFile; fileRef = 305D5FD0115AB8F900A74A75 /* MobileCoreServices.framework */; };
		3088BBBE154F3926009F9C59 /* Default-Landscape~ipad.png in Resources */ = {isa = PBXBuildFile; fileRef = 3088BBB8154F3926009F9C59 /* Default-Landscape~ipad.png */; };
		3088BBC0154F3926009F9C59 /* Default-Portrait~ipad.png in Resources */ = {isa = PBXBuildFile; fileRef = 3088BBBA154F3926009F9C59 /* Default-Portrait~ipad.png */; };
		3088BBC1154F3926009F9C59 /* Default@2x~iphone.png in Resources */ = {isa = PBXBuildFile; fileRef = 3088BBBB154F3926009F9C59 /* Default@2x~iphone.png */; };
		3088BBC2154F3926009F9C59 /* Default~iphone.png in Resources */ = {isa = PBXBuildFile; fileRef = 3088BBBC154F3926009F9C59 /* Default~iphone.png */; };
		308D05371370CCF300D202BF /* icon-72.png in Resources */ = {isa = PBXBuildFile; fileRef = 308D052E1370CCF300D202BF /* icon-72.png */; };
		308D05381370CCF300D202BF /* icon.png in Resources */ = {isa = PBXBuildFile; fileRef = 308D052F1370CCF300D202BF /* icon.png */; };
		308D05391370CCF300D202BF /* icon@2x.png in Resources */ = {isa = PBXBuildFile; fileRef = 308D05301370CCF300D202BF /* icon@2x.png */; };
		30C1856619D5FC0A00212699 /* icon-60@3x.png in Resources */ = {isa = PBXBuildFile; fileRef = 30C1856519D5FC0A00212699 /* icon-60@3x.png */; };
		30FC414916E50CA1004E6F35 /* icon-72@2x.png in Resources */ = {isa = PBXBuildFile; fileRef = 30FC414816E50CA1004E6F35 /* icon-72@2x.png */; };
		5B1594DD16A7569C00FEF299 /* AssetsLibrary.framework in Frameworks */ = {isa = PBXBuildFile; fileRef = 5B1594DC16A7569C00FEF299 /* AssetsLibrary.framework */; };
		774673875B684F3BAFEB2518 /* CDVReachability.m in Sources */ = {isa = PBXBuildFile; fileRef = 246B6E31D3164003B706A996 /* CDVReachability.m */; };
		7E7966DE1810823500FA85AD /* icon-40.png in Resources */ = {isa = PBXBuildFile; fileRef = 7E7966D41810823500FA85AD /* icon-40.png */; };
		7E7966DF1810823500FA85AD /* icon-40@2x.png in Resources */ = {isa = PBXBuildFile; fileRef = 7E7966D51810823500FA85AD /* icon-40@2x.png */; };
		7E7966E01810823500FA85AD /* icon-50.png in Resources */ = {isa = PBXBuildFile; fileRef = 7E7966D61810823500FA85AD /* icon-50.png */; };
		7E7966E11810823500FA85AD /* icon-50@2x.png in Resources */ = {isa = PBXBuildFile; fileRef = 7E7966D71810823500FA85AD /* icon-50@2x.png */; };
		7E7966E21810823500FA85AD /* icon-60.png in Resources */ = {isa = PBXBuildFile; fileRef = 7E7966D81810823500FA85AD /* icon-60.png */; };
		7E7966E31810823500FA85AD /* icon-60@2x.png in Resources */ = {isa = PBXBuildFile; fileRef = 7E7966D91810823500FA85AD /* icon-60@2x.png */; };
		7E7966E41810823500FA85AD /* icon-76.png in Resources */ = {isa = PBXBuildFile; fileRef = 7E7966DA1810823500FA85AD /* icon-76.png */; };
		7E7966E51810823500FA85AD /* icon-76@2x.png in Resources */ = {isa = PBXBuildFile; fileRef = 7E7966DB1810823500FA85AD /* icon-76@2x.png */; };
		7E7966E61810823500FA85AD /* icon-small.png in Resources */ = {isa = PBXBuildFile; fileRef = 7E7966DC1810823500FA85AD /* icon-small.png */; };
		7E7966E71810823500FA85AD /* icon-small@2x.png in Resources */ = {isa = PBXBuildFile; fileRef = 7E7966DD1810823500FA85AD /* icon-small@2x.png */; };
		831B55F06E044B5DB83559B6 /* AppDelegate+APPRegisterUserNotificationSettings.m in Sources */ = {isa = PBXBuildFile; fileRef = B07FAA91523A4564B66347C9 /* AppDelegate+APPRegisterUserNotificationSettings.m */; };
		852EED54E1E9409E8BB31124 /* APPBackgroundMode.m in Sources */ = {isa = PBXBuildFile; fileRef = FC53DF3E23BE49B7B1195219 /* APPBackgroundMode.m */; };
		8E2BD88576444665A6884E9E /* CDVDevice.m in Sources */ = {isa = PBXBuildFile; fileRef = BF644C13610148938FAE4448 /* CDVDevice.m */; };
		96F4AF07F4C0479A94E118B6 /* UIApplication+APPBadge.m in Sources */ = {isa = PBXBuildFile; fileRef = 0A893352E17C4A738DD232E9 /* UIApplication+APPBadge.m */; };
		9BAA3CBD71F04FBC9E2F0A6E /* CDVConnection.m in Sources */ = {isa = PBXBuildFile; fileRef = 2452569EF51942EBB8DBCE4E /* CDVConnection.m */; };
		A114B8DC5A12431B96981DF4 /* APPBadge.m in Sources */ = {isa = PBXBuildFile; fileRef = C431A57A422C404DA046B62E /* APPBadge.m */; };
		BF933E555BBA448DB68CAF93 /* appbeep.wav in Resources */ = {isa = PBXBuildFile; fileRef = E99A03B192F543B5BE3C0016 /* appbeep.wav */; };
		D4A0D8761607E02300AEF8BB /* Default-568h@2x~iphone.png in Resources */ = {isa = PBXBuildFile; fileRef = D4A0D8751607E02300AEF8BB /* Default-568h@2x~iphone.png */; };
		DEA6761D54264D18840A821D /* CDVCookies.m in Sources */ = {isa = PBXBuildFile; fileRef = 182F9F544C2248BE9DBECFCF /* CDVCookies.m */; };
		E78BDA49A53B4DFF988FC4D7 /* AppPreferences.m in Sources */ = {isa = PBXBuildFile; fileRef = A7DE280053D54C5291C7B688 /* AppPreferences.m */; };
		FA1173471BF9DC6D00D430C8 /* Interface.storyboard in Resources */ = {isa = PBXBuildFile; fileRef = FA1173451BF9DC6D00D430C8 /* Interface.storyboard */; };
		FA1173491BF9DC6D00D430C8 /* Assets.xcassets in Resources */ = {isa = PBXBuildFile; fileRef = FA1173481BF9DC6D00D430C8 /* Assets.xcassets */; };
		FA1173501BF9DC6E00D430C8 /* sherpawatchapp Extension.appex in Embed App Extensions */ = {isa = PBXBuildFile; fileRef = FA11734F1BF9DC6E00D430C8 /* sherpawatchapp Extension.appex */; settings = {ATTRIBUTES = (RemoveHeadersOnCopy, ); }; };
		FA1173571BF9DC6E00D430C8 /* InterfaceController.swift in Sources */ = {isa = PBXBuildFile; fileRef = FA1173561BF9DC6E00D430C8 /* InterfaceController.swift */; };
		FA1173591BF9DC6E00D430C8 /* ExtensionDelegate.swift in Sources */ = {isa = PBXBuildFile; fileRef = FA1173581BF9DC6E00D430C8 /* ExtensionDelegate.swift */; };
		FA11735B1BF9DC6E00D430C8 /* NotificationController.swift in Sources */ = {isa = PBXBuildFile; fileRef = FA11735A1BF9DC6E00D430C8 /* NotificationController.swift */; };
		FA11735F1BF9DC6E00D430C8 /* Assets.xcassets in Resources */ = {isa = PBXBuildFile; fileRef = FA11735E1BF9DC6E00D430C8 /* Assets.xcassets */; };
		FA1173631BF9DC6E00D430C8 /* sherpawatchapp.app in Embed Watch Content */ = {isa = PBXBuildFile; fileRef = FA1173431BF9DC6D00D430C8 /* sherpawatchapp.app */; };
		FA65C5CE1B70EA2D004E6CCD /* SystemConfiguration.framework in Frameworks */ = {isa = PBXBuildFile; fileRef = 6009679A53DE46318BAF2499 /* SystemConfiguration.framework */; };
		FA93E6901B71203F00BE50F1 /* NotificationCenter.framework in Frameworks */ = {isa = PBXBuildFile; fileRef = FA93E68F1B71203F00BE50F1 /* NotificationCenter.framework */; };
		FA93E6931B71203F00BE50F1 /* TodayViewController.swift in Sources */ = {isa = PBXBuildFile; fileRef = FA93E6921B71203F00BE50F1 /* TodayViewController.swift */; };
		FA93E6961B71203F00BE50F1 /* MainInterface.storyboard in Resources */ = {isa = PBXBuildFile; fileRef = FA93E6941B71203F00BE50F1 /* MainInterface.storyboard */; };
		FA93E69A1B71203F00BE50F1 /* Today.appex in Embed App Extensions */ = {isa = PBXBuildFile; fileRef = FA93E68E1B71203F00BE50F1 /* Today.appex */; settings = {ATTRIBUTES = (RemoveHeadersOnCopy, ); }; };
		FA93E6A31B7124B400BE50F1 /* Media.xcassets in Resources */ = {isa = PBXBuildFile; fileRef = FA93E6A21B7124B400BE50F1 /* Media.xcassets */; };
		FA9B938A1B6FD2B400AFCB52 /* Images.xcassets in Resources */ = {isa = PBXBuildFile; fileRef = FA9B93891B6FD2B400AFCB52 /* Images.xcassets */; };
		FAE88D371BF9FFE6000FC37A /* AddTime.swift in Sources */ = {isa = PBXBuildFile; fileRef = FAE88D2F1BF9FFE6000FC37A /* AddTime.swift */; };
		FAE88D381BF9FFE6000FC37A /* SelectAccount.swift in Sources */ = {isa = PBXBuildFile; fileRef = FAE88D301BF9FFE6000FC37A /* SelectAccount.swift */; };
		FAE88D391BF9FFE6000FC37A /* SelectProject.swift in Sources */ = {isa = PBXBuildFile; fileRef = FAE88D311BF9FFE6000FC37A /* SelectProject.swift */; };
		FAE88D3A1BF9FFE6000FC37A /* SelectType.swift in Sources */ = {isa = PBXBuildFile; fileRef = FAE88D321BF9FFE6000FC37A /* SelectType.swift */; };
		FAE88D3B1BF9FFE6000FC37A /* TextTableRowController.swift in Sources */ = {isa = PBXBuildFile; fileRef = FAE88D331BF9FFE6000FC37A /* TextTableRowController.swift */; };
		FAE88D3C1BF9FFE6000FC37A /* TypeTableRowController.swift in Sources */ = {isa = PBXBuildFile; fileRef = FAE88D341BF9FFE6000FC37A /* TypeTableRowController.swift */; };
		FAE88D3D1BF9FFE6000FC37A /* ProjectTableRowController.swift in Sources */ = {isa = PBXBuildFile; fileRef = FAE88D351BF9FFE6000FC37A /* ProjectTableRowController.swift */; };
		FAE88D3E1BF9FFE6000FC37A /* RecordTableRowController.swift in Sources */ = {isa = PBXBuildFile; fileRef = FAE88D361BF9FFE6000FC37A /* RecordTableRowController.swift */; };
		FAE88D591BFA0AF2000FC37A /* SwiftHTTP.swift in Sources */ = {isa = PBXBuildFile; fileRef = FAE88D581BFA0AF2000FC37A /* SwiftHTTP.swift */; };
		FAE88D5B1BFA0CE4000FC37A /* JSONJoy.swift in Sources */ = {isa = PBXBuildFile; fileRef = FAE88D5A1BFA0CE4000FC37A /* JSONJoy.swift */; };
/* End PBXBuildFile section */

/* Begin PBXContainerItemProxy section */
		301BF534109A57CC0062928A /* PBXContainerItemProxy */ = {
			isa = PBXContainerItemProxy;
			containerPortal = 301BF52D109A57CC0062928A /* CordovaLib.xcodeproj */;
			proxyType = 2;
			remoteGlobalIDString = D2AAC07E0554694100DB518D;
			remoteInfo = CordovaLib;
		};
		301BF550109A68C00062928A /* PBXContainerItemProxy */ = {
			isa = PBXContainerItemProxy;
			containerPortal = 301BF52D109A57CC0062928A /* CordovaLib.xcodeproj */;
			proxyType = 1;
			remoteGlobalIDString = D2AAC07D0554694100DB518D;
			remoteInfo = CordovaLib;
		};
		FA1173511BF9DC6E00D430C8 /* PBXContainerItemProxy */ = {
			isa = PBXContainerItemProxy;
			containerPortal = 29B97313FDCFA39411CA2CEA /* Project object */;
			proxyType = 1;
			remoteGlobalIDString = FA11734E1BF9DC6E00D430C8;
			remoteInfo = "sherpawatchapp Extension";
		};
		FA1173611BF9DC6E00D430C8 /* PBXContainerItemProxy */ = {
			isa = PBXContainerItemProxy;
			containerPortal = 29B97313FDCFA39411CA2CEA /* Project object */;
			proxyType = 1;
			remoteGlobalIDString = FA1173421BF9DC6D00D430C8;
			remoteInfo = sherpawatchapp;
		};
		FA93E6981B71203F00BE50F1 /* PBXContainerItemProxy */ = {
			isa = PBXContainerItemProxy;
			containerPortal = 29B97313FDCFA39411CA2CEA /* Project object */;
			proxyType = 1;
			remoteGlobalIDString = FA93E68D1B71203F00BE50F1;
			remoteInfo = Today;
		};
/* End PBXContainerItemProxy section */

/* Begin PBXCopyFilesBuildPhase section */
		FA1173671BF9DC6E00D430C8 /* Embed App Extensions */ = {
			isa = PBXCopyFilesBuildPhase;
			buildActionMask = 2147483647;
			dstPath = "";
			dstSubfolderSpec = 13;
			files = (
				FA1173501BF9DC6E00D430C8 /* sherpawatchapp Extension.appex in Embed App Extensions */,
			);
			name = "Embed App Extensions";
			runOnlyForDeploymentPostprocessing = 0;
		};
		FA93E67E1B70FC8600BE50F1 /* Embed Watch Content */ = {
			isa = PBXCopyFilesBuildPhase;
			buildActionMask = 2147483647;
			dstPath = "$(CONTENTS_FOLDER_PATH)/Watch";
			dstSubfolderSpec = 16;
			files = (
				FA1173631BF9DC6E00D430C8 /* sherpawatchapp.app in Embed Watch Content */,
			);
			name = "Embed Watch Content";
			runOnlyForDeploymentPostprocessing = 0;
		};
		FA93E69E1B71203F00BE50F1 /* Embed App Extensions */ = {
			isa = PBXCopyFilesBuildPhase;
			buildActionMask = 2147483647;
			dstPath = "";
			dstSubfolderSpec = 13;
			files = (
				FA93E69A1B71203F00BE50F1 /* Today.appex in Embed App Extensions */,
			);
			name = "Embed App Extensions";
			runOnlyForDeploymentPostprocessing = 0;
		};
		FAD258E21BC2EE1400711F10 /* Embed Frameworks */ = {
			isa = PBXCopyFilesBuildPhase;
			buildActionMask = 2147483647;
			dstPath = "";
			dstSubfolderSpec = 10;
			files = (
			);
			name = "Embed Frameworks";
			runOnlyForDeploymentPostprocessing = 0;
		};
/* End PBXCopyFilesBuildPhase section */

/* Begin PBXFileReference section */
		016E73D209564EF183D7AC08 /* UIApplication+APPBadge.h */ = {isa = PBXFileReference; fileEncoding = 4; lastKnownFileType = sourcecode.c.h; name = "UIApplication+APPBadge.h"; path = "de.appplant.cordova.plugin.badge/UIApplication+APPBadge.h"; sourceTree = "<group>"; };
		05ADBA88238A45099EB5B456 /* CDVReachability.h */ = {isa = PBXFileReference; fileEncoding = 4; lastKnownFileType = sourcecode.c.h; name = CDVReachability.h; path = "org.apache.cordova.network-information/CDVReachability.h"; sourceTree = "<group>"; };
		0A893352E17C4A738DD232E9 /* UIApplication+APPBadge.m */ = {isa = PBXFileReference; fileEncoding = 4; lastKnownFileType = sourcecode.c.objc; name = "UIApplication+APPBadge.m"; path = "de.appplant.cordova.plugin.badge/UIApplication+APPBadge.m"; sourceTree = "<group>"; };
		10BCD21124D1464A97E8D52C /* CFNetwork.framework */ = {isa = PBXFileReference; fileEncoding = 4; lastKnownFileType = wrapper.framework; name = CFNetwork.framework; path = System/Library/Frameworks/CFNetwork.framework; sourceTree = SDKROOT; };
		182F9F544C2248BE9DBECFCF /* CDVCookies.m */ = {isa = PBXFileReference; fileEncoding = 4; lastKnownFileType = sourcecode.c.objc; name = CDVCookies.m; path = com.triarc.cookies/CDVCookies.m; sourceTree = "<group>"; };
		1D3623240D0F684500981E51 /* AppDelegate.h */ = {isa = PBXFileReference; fileEncoding = 4; lastKnownFileType = sourcecode.c.h; path = AppDelegate.h; sourceTree = "<group>"; };
		1D3623250D0F684500981E51 /* AppDelegate.m */ = {isa = PBXFileReference; fileEncoding = 4; lastKnownFileType = sourcecode.c.objc; path = AppDelegate.m; sourceTree = "<group>"; };
		1D6058910D05DD3D006BFB54 /* Sherpadesk.app */ = {isa = PBXFileReference; explicitFileType = wrapper.application; includeInIndex = 0; path = Sherpadesk.app; sourceTree = BUILT_PRODUCTS_DIR; };
		2452569EF51942EBB8DBCE4E /* CDVConnection.m */ = {isa = PBXFileReference; fileEncoding = 4; lastKnownFileType = sourcecode.c.objc; name = CDVConnection.m; path = "org.apache.cordova.network-information/CDVConnection.m"; sourceTree = "<group>"; };
		246B6E31D3164003B706A996 /* CDVReachability.m */ = {isa = PBXFileReference; fileEncoding = 4; lastKnownFileType = sourcecode.c.objc; name = CDVReachability.m; path = "org.apache.cordova.network-information/CDVReachability.m"; sourceTree = "<group>"; };
		288765FC0DF74451002DB57D /* CoreGraphics.framework */ = {isa = PBXFileReference; lastKnownFileType = wrapper.framework; name = CoreGraphics.framework; path = System/Library/Frameworks/CoreGraphics.framework; sourceTree = SDKROOT; };
		29B97316FDCFA39411CA2CEA /* main.m */ = {isa = PBXFileReference; fileEncoding = 4; lastKnownFileType = sourcecode.c.objc; path = main.m; sourceTree = "<group>"; };
		301BF52D109A57CC0062928A /* CordovaLib.xcodeproj */ = {isa = PBXFileReference; lastKnownFileType = "wrapper.pb-project"; name = CordovaLib.xcodeproj; path = CordovaLib/CordovaLib.xcodeproj; sourceTree = "<group>"; };
		301BF56E109A69640062928A /* www */ = {isa = PBXFileReference; lastKnownFileType = folder; path = www; sourceTree = SOURCE_ROOT; };
		302D95EE14D2391D003F00A1 /* MainViewController.h */ = {isa = PBXFileReference; fileEncoding = 4; lastKnownFileType = sourcecode.c.h; path = MainViewController.h; sourceTree = "<group>"; };
		302D95EF14D2391D003F00A1 /* MainViewController.m */ = {isa = PBXFileReference; fileEncoding = 4; lastKnownFileType = sourcecode.c.objc; path = MainViewController.m; sourceTree = "<group>"; };
		302D95F014D2391D003F00A1 /* MainViewController.xib */ = {isa = PBXFileReference; fileEncoding = 4; lastKnownFileType = file.xib; path = MainViewController.xib; sourceTree = "<group>"; };
		305D5FD0115AB8F900A74A75 /* MobileCoreServices.framework */ = {isa = PBXFileReference; lastKnownFileType = wrapper.framework; name = MobileCoreServices.framework; path = System/Library/Frameworks/MobileCoreServices.framework; sourceTree = SDKROOT; };
		3088BBB8154F3926009F9C59 /* Default-Landscape~ipad.png */ = {isa = PBXFileReference; lastKnownFileType = image.png; path = "Default-Landscape~ipad.png"; sourceTree = "<group>"; };
		3088BBBA154F3926009F9C59 /* Default-Portrait~ipad.png */ = {isa = PBXFileReference; lastKnownFileType = image.png; path = "Default-Portrait~ipad.png"; sourceTree = "<group>"; };
		3088BBBB154F3926009F9C59 /* Default@2x~iphone.png */ = {isa = PBXFileReference; lastKnownFileType = image.png; path = "Default@2x~iphone.png"; sourceTree = "<group>"; };
		3088BBBC154F3926009F9C59 /* Default~iphone.png */ = {isa = PBXFileReference; lastKnownFileType = image.png; path = "Default~iphone.png"; sourceTree = "<group>"; };
		308D052E1370CCF300D202BF /* icon-72.png */ = {isa = PBXFileReference; lastKnownFileType = image.png; path = "icon-72.png"; sourceTree = "<group>"; };
		308D052F1370CCF300D202BF /* icon.png */ = {isa = PBXFileReference; lastKnownFileType = image.png; path = icon.png; sourceTree = "<group>"; };
		308D05301370CCF300D202BF /* icon@2x.png */ = {isa = PBXFileReference; lastKnownFileType = image.png; path = "icon@2x.png"; sourceTree = "<group>"; };
		30C1856519D5FC0A00212699 /* icon-60@3x.png */ = {isa = PBXFileReference; lastKnownFileType = image.png; path = "icon-60@3x.png"; sourceTree = "<group>"; };
		30FC414816E50CA1004E6F35 /* icon-72@2x.png */ = {isa = PBXFileReference; lastKnownFileType = image.png; path = "icon-72@2x.png"; sourceTree = "<group>"; };
		32CA4F630368D1EE00C91783 /* Sherpadesk-Prefix.pch */ = {isa = PBXFileReference; fileEncoding = 4; lastKnownFileType = sourcecode.c.h; path = "Sherpadesk-Prefix.pch"; sourceTree = "<group>"; };
		3432174997A5489981F5FA69 /* AppDelegate+APPRegisterUserNotificationSettings.h */ = {isa = PBXFileReference; fileEncoding = 4; lastKnownFileType = sourcecode.c.h; name = "AppDelegate+APPRegisterUserNotificationSettings.h"; path = "de.appplant.cordova.common.registerusernotificationsettings/AppDelegate+APPRegisterUserNotificationSettings.h"; sourceTree = "<group>"; };
		3748FCEA6BD142BA9D8BCBB6 /* APPBadge.h */ = {isa = PBXFileReference; fileEncoding = 4; lastKnownFileType = sourcecode.c.h; name = APPBadge.h; path = de.appplant.cordova.plugin.badge/APPBadge.h; sourceTree = "<group>"; };
		3BAEE992D3C24FDEBD598433 /* CDVDevice.h */ = {isa = PBXFileReference; fileEncoding = 4; lastKnownFileType = sourcecode.c.h; name = CDVDevice.h; path = "cordova-plugin-device/CDVDevice.h"; sourceTree = "<group>"; };
		47AD85DDBE9E4A049D9382F1 /* Foundation.framework */ = {isa = PBXFileReference; fileEncoding = 4; lastKnownFileType = wrapper.framework; name = Foundation.framework; path = System/Library/Frameworks/Foundation.framework; sourceTree = SDKROOT; };
		513116B38E1D4CEFB6123E0A /* AppPreferences.h */ = {isa = PBXFileReference; fileEncoding = 4; lastKnownFileType = sourcecode.c.h; name = AppPreferences.h; path = "cordova-plugin-app-preferences/AppPreferences.h"; sourceTree = "<group>"; };
		521699A428534A7A89ECE0DA /* libz.dylib */ = {isa = PBXFileReference; fileEncoding = 4; lastKnownFileType = "compiled.mach-o.dylib"; name = libz.dylib; path = usr/lib/libz.dylib; sourceTree = SDKROOT; };
		5B1594DC16A7569C00FEF299 /* AssetsLibrary.framework */ = {isa = PBXFileReference; lastKnownFileType = wrapper.framework; name = AssetsLibrary.framework; path = System/Library/Frameworks/AssetsLibrary.framework; sourceTree = SDKROOT; };
		6009679A53DE46318BAF2499 /* SystemConfiguration.framework */ = {isa = PBXFileReference; fileEncoding = 4; lastKnownFileType = wrapper.framework; name = SystemConfiguration.framework; path = System/Library/Frameworks/SystemConfiguration.framework; sourceTree = SDKROOT; };
		62D6089799416D9AA558347F /* Pods-Sherpadesk.debug.xcconfig */ = {isa = PBXFileReference; includeInIndex = 1; lastKnownFileType = text.xcconfig; name = "Pods-Sherpadesk.debug.xcconfig"; path = "Pods/Target Support Files/Pods-Sherpadesk/Pods-Sherpadesk.debug.xcconfig"; sourceTree = "<group>"; };
		79E6580DA90E4E41A2FFB923 /* CDVInAppBrowser.m */ = {isa = PBXFileReference; fileEncoding = 4; lastKnownFileType = sourcecode.c.objc; name = CDVInAppBrowser.m; path = org.apache.cordova.inappbrowser/CDVInAppBrowser.m; sourceTree = "<group>"; };
		7E7966D41810823500FA85AD /* icon-40.png */ = {isa = PBXFileReference; lastKnownFileType = image.png; path = "icon-40.png"; sourceTree = "<group>"; };
		7E7966D51810823500FA85AD /* icon-40@2x.png */ = {isa = PBXFileReference; lastKnownFileType = image.png; path = "icon-40@2x.png"; sourceTree = "<group>"; };
		7E7966D61810823500FA85AD /* icon-50.png */ = {isa = PBXFileReference; lastKnownFileType = image.png; path = "icon-50.png"; sourceTree = "<group>"; };
		7E7966D71810823500FA85AD /* icon-50@2x.png */ = {isa = PBXFileReference; lastKnownFileType = image.png; path = "icon-50@2x.png"; sourceTree = "<group>"; };
		7E7966D81810823500FA85AD /* icon-60.png */ = {isa = PBXFileReference; lastKnownFileType = image.png; path = "icon-60.png"; sourceTree = "<group>"; };
		7E7966D91810823500FA85AD /* icon-60@2x.png */ = {isa = PBXFileReference; lastKnownFileType = image.png; path = "icon-60@2x.png"; sourceTree = "<group>"; };
		7E7966DA1810823500FA85AD /* icon-76.png */ = {isa = PBXFileReference; lastKnownFileType = image.png; path = "icon-76.png"; sourceTree = "<group>"; };
		7E7966DB1810823500FA85AD /* icon-76@2x.png */ = {isa = PBXFileReference; lastKnownFileType = image.png; path = "icon-76@2x.png"; sourceTree = "<group>"; };
		7E7966DC1810823500FA85AD /* icon-small.png */ = {isa = PBXFileReference; lastKnownFileType = image.png; path = "icon-small.png"; sourceTree = "<group>"; };
		7E7966DD1810823500FA85AD /* icon-small@2x.png */ = {isa = PBXFileReference; lastKnownFileType = image.png; path = "icon-small@2x.png"; sourceTree = "<group>"; };
		88518F6937D1444A93F68096 /* Pods-Sherpadesk.release.xcconfig */ = {isa = PBXFileReference; includeInIndex = 1; lastKnownFileType = text.xcconfig; name = "Pods-Sherpadesk.release.xcconfig"; path = "Pods/Target Support Files/Pods-Sherpadesk/Pods-Sherpadesk.release.xcconfig"; sourceTree = "<group>"; };
		8D1107310486CEB800E47090 /* Sherpadesk-Info.plist */ = {isa = PBXFileReference; fileEncoding = 4; lastKnownFileType = text.plist.xml; name = "Sherpadesk-Info.plist"; path = "../Sherpadesk-Info.plist"; plistStructureDefinitionIdentifier = "com.apple.xcode.plist.structure-definition.iphone.info-plist"; sourceTree = "<group>"; };
		8E83141A9CB64A3599A4AB6B /* CDVConnection.h */ = {isa = PBXFileReference; fileEncoding = 4; lastKnownFileType = sourcecode.c.h; name = CDVConnection.h; path = "org.apache.cordova.network-information/CDVConnection.h"; sourceTree = "<group>"; };
		90F109DDF7AB41059A2B205C /* APPBackgroundMode.h */ = {isa = PBXFileReference; fileEncoding = 4; lastKnownFileType = sourcecode.c.h; name = APPBackgroundMode.h; path = "de.appplant.cordova.plugin.background-mode/APPBackgroundMode.h"; sourceTree = "<group>"; };
		A161451004734389B8C0B29F /* GCDWebServer.framework */ = {isa = PBXFileReference; lastKnownFileType = wrapper.framework; name = GCDWebServer.framework; path = "Sherpadesk/Plugins/cordova-plugin-webserver/GCDWebServer.framework"; sourceTree = "<group>"; };
		A7DE280053D54C5291C7B688 /* AppPreferences.m */ = {isa = PBXFileReference; fileEncoding = 4; lastKnownFileType = sourcecode.c.objc; name = AppPreferences.m; path = "cordova-plugin-app-preferences/AppPreferences.m"; sourceTree = "<group>"; };
		B07FAA91523A4564B66347C9 /* AppDelegate+APPRegisterUserNotificationSettings.m */ = {isa = PBXFileReference; fileEncoding = 4; lastKnownFileType = sourcecode.c.objc; name = "AppDelegate+APPRegisterUserNotificationSettings.m"; path = "de.appplant.cordova.common.registerusernotificationsettings/AppDelegate+APPRegisterUserNotificationSettings.m"; sourceTree = "<group>"; };
		B594D4A4EAB9441697BA162F /* WebKit.framework */ = {isa = PBXFileReference; fileEncoding = 4; lastKnownFileType = wrapper.framework; name = WebKit.framework; path = System/Library/Frameworks/WebKit.framework; sourceTree = SDKROOT; };
		BF644C13610148938FAE4448 /* CDVDevice.m */ = {isa = PBXFileReference; fileEncoding = 4; lastKnownFileType = sourcecode.c.objc; name = CDVDevice.m; path = "cordova-plugin-device/CDVDevice.m"; sourceTree = "<group>"; };
		C431A57A422C404DA046B62E /* APPBadge.m */ = {isa = PBXFileReference; fileEncoding = 4; lastKnownFileType = sourcecode.c.objc; name = APPBadge.m; path = de.appplant.cordova.plugin.badge/APPBadge.m; sourceTree = "<group>"; };
		D4A0D8751607E02300AEF8BB /* Default-568h@2x~iphone.png */ = {isa = PBXFileReference; lastKnownFileType = image.png; path = "Default-568h@2x~iphone.png"; sourceTree = "<group>"; };
		E82986B301574ACFA41FC55A /* CDVInAppBrowser.h */ = {isa = PBXFileReference; fileEncoding = 4; lastKnownFileType = sourcecode.c.h; name = CDVInAppBrowser.h; path = org.apache.cordova.inappbrowser/CDVInAppBrowser.h; sourceTree = "<group>"; };
		E99A03B192F543B5BE3C0016 /* appbeep.wav */ = {isa = PBXFileReference; fileEncoding = 4; lastKnownFileType = unknown; path = appbeep.wav; sourceTree = "<group>"; };
		EB87FDF21871DA7A0020F90C /* merges */ = {isa = PBXFileReference; lastKnownFileType = folder; name = merges; path = ../../merges; sourceTree = "<group>"; };
		EB87FDF31871DA8E0020F90C /* www */ = {isa = PBXFileReference; lastKnownFileType = folder; name = www; path = ../../www; sourceTree = "<group>"; };
		EB87FDF41871DAF40020F90C /* config.xml */ = {isa = PBXFileReference; lastKnownFileType = text.xml; name = config.xml; path = ../../config.xml; sourceTree = "<group>"; };
		F840E1F0165FE0F500CFE078 /* config.xml */ = {isa = PBXFileReference; lastKnownFileType = text.xml; name = config.xml; path = Sherpadesk/config.xml; sourceTree = "<group>"; };
		FA1173431BF9DC6D00D430C8 /* sherpawatchapp.app */ = {isa = PBXFileReference; explicitFileType = wrapper.application; includeInIndex = 0; path = sherpawatchapp.app; sourceTree = BUILT_PRODUCTS_DIR; };
		FA1173461BF9DC6D00D430C8 /* Base */ = {isa = PBXFileReference; lastKnownFileType = file.storyboard; name = Base; path = Base.lproj/Interface.storyboard; sourceTree = "<group>"; };
		FA1173481BF9DC6D00D430C8 /* Assets.xcassets */ = {isa = PBXFileReference; lastKnownFileType = folder.assetcatalog; path = Assets.xcassets; sourceTree = "<group>"; };
		FA11734A1BF9DC6D00D430C8 /* Info.plist */ = {isa = PBXFileReference; lastKnownFileType = text.plist.xml; path = Info.plist; sourceTree = "<group>"; };
		FA11734F1BF9DC6E00D430C8 /* sherpawatchapp Extension.appex */ = {isa = PBXFileReference; explicitFileType = "wrapper.app-extension"; includeInIndex = 0; path = "sherpawatchapp Extension.appex"; sourceTree = BUILT_PRODUCTS_DIR; };
		FA1173551BF9DC6E00D430C8 /* PushNotificationPayload.apns */ = {isa = PBXFileReference; lastKnownFileType = text; path = PushNotificationPayload.apns; sourceTree = "<group>"; };
		FA1173561BF9DC6E00D430C8 /* InterfaceController.swift */ = {isa = PBXFileReference; lastKnownFileType = sourcecode.swift; path = InterfaceController.swift; sourceTree = "<group>"; };
		FA1173581BF9DC6E00D430C8 /* ExtensionDelegate.swift */ = {isa = PBXFileReference; lastKnownFileType = sourcecode.swift; path = ExtensionDelegate.swift; sourceTree = "<group>"; };
		FA11735A1BF9DC6E00D430C8 /* NotificationController.swift */ = {isa = PBXFileReference; lastKnownFileType = sourcecode.swift; path = NotificationController.swift; sourceTree = "<group>"; };
		FA11735E1BF9DC6E00D430C8 /* Assets.xcassets */ = {isa = PBXFileReference; lastKnownFileType = folder.assetcatalog; path = Assets.xcassets; sourceTree = "<group>"; };
		FA1173601BF9DC6E00D430C8 /* Info.plist */ = {isa = PBXFileReference; lastKnownFileType = text.plist.xml; path = Info.plist; sourceTree = "<group>"; };
		FA11736B1BF9EF0D00D430C8 /* sherpawatchapp.entitlements */ = {isa = PBXFileReference; lastKnownFileType = text.xml; path = sherpawatchapp.entitlements; sourceTree = "<group>"; };
		FA11736C1BF9EF2800D430C8 /* sherpawatchapp Extension.entitlements */ = {isa = PBXFileReference; lastKnownFileType = text.xml; path = "sherpawatchapp Extension.entitlements"; sourceTree = "<group>"; };
		FA93E68E1B71203F00BE50F1 /* Today.appex */ = {isa = PBXFileReference; explicitFileType = "wrapper.app-extension"; includeInIndex = 0; path = Today.appex; sourceTree = BUILT_PRODUCTS_DIR; };
		FA93E68F1B71203F00BE50F1 /* NotificationCenter.framework */ = {isa = PBXFileReference; lastKnownFileType = wrapper.framework; name = NotificationCenter.framework; path = System/Library/Frameworks/NotificationCenter.framework; sourceTree = SDKROOT; };
		FA93E6921B71203F00BE50F1 /* TodayViewController.swift */ = {isa = PBXFileReference; lastKnownFileType = sourcecode.swift; path = TodayViewController.swift; sourceTree = "<group>"; };
		FA93E6951B71203F00BE50F1 /* Base */ = {isa = PBXFileReference; lastKnownFileType = file.storyboard; name = Base; path = Base.lproj/MainInterface.storyboard; sourceTree = "<group>"; };
		FA93E6971B71203F00BE50F1 /* Info.plist */ = {isa = PBXFileReference; lastKnownFileType = text.plist.xml; path = Info.plist; sourceTree = "<group>"; };
		FA93E69F1B7120AC00BE50F1 /* Today.entitlements */ = {isa = PBXFileReference; lastKnownFileType = text.xml; path = Today.entitlements; sourceTree = "<group>"; };
		FA93E6A21B7124B400BE50F1 /* Media.xcassets */ = {isa = PBXFileReference; lastKnownFileType = folder.assetcatalog; path = Media.xcassets; sourceTree = "<group>"; };
		FA9B93851B6FADC900AFCB52 /* Sherpadesk.entitlements */ = {isa = PBXFileReference; lastKnownFileType = text.xml; name = Sherpadesk.entitlements; path = Sherpadesk/Sherpadesk.entitlements; sourceTree = "<group>"; };
		FA9B93891B6FD2B400AFCB52 /* Images.xcassets */ = {isa = PBXFileReference; lastKnownFileType = folder.assetcatalog; name = Images.xcassets; path = Sherpadesk/Images.xcassets; sourceTree = SOURCE_ROOT; };
		FAE88D2F1BF9FFE6000FC37A /* AddTime.swift */ = {isa = PBXFileReference; fileEncoding = 4; lastKnownFileType = sourcecode.swift; path = AddTime.swift; sourceTree = "<group>"; };
		FAE88D301BF9FFE6000FC37A /* SelectAccount.swift */ = {isa = PBXFileReference; fileEncoding = 4; lastKnownFileType = sourcecode.swift; path = SelectAccount.swift; sourceTree = "<group>"; };
		FAE88D311BF9FFE6000FC37A /* SelectProject.swift */ = {isa = PBXFileReference; fileEncoding = 4; lastKnownFileType = sourcecode.swift; path = SelectProject.swift; sourceTree = "<group>"; };
		FAE88D321BF9FFE6000FC37A /* SelectType.swift */ = {isa = PBXFileReference; fileEncoding = 4; lastKnownFileType = sourcecode.swift; path = SelectType.swift; sourceTree = "<group>"; };
		FAE88D331BF9FFE6000FC37A /* TextTableRowController.swift */ = {isa = PBXFileReference; fileEncoding = 4; lastKnownFileType = sourcecode.swift; path = TextTableRowController.swift; sourceTree = "<group>"; };
		FAE88D341BF9FFE6000FC37A /* TypeTableRowController.swift */ = {isa = PBXFileReference; fileEncoding = 4; lastKnownFileType = sourcecode.swift; path = TypeTableRowController.swift; sourceTree = "<group>"; };
		FAE88D351BF9FFE6000FC37A /* ProjectTableRowController.swift */ = {isa = PBXFileReference; fileEncoding = 4; lastKnownFileType = sourcecode.swift; path = ProjectTableRowController.swift; sourceTree = "<group>"; };
		FAE88D361BF9FFE6000FC37A /* RecordTableRowController.swift */ = {isa = PBXFileReference; fileEncoding = 4; lastKnownFileType = sourcecode.swift; path = RecordTableRowController.swift; sourceTree = "<group>"; };
		FAE88D581BFA0AF2000FC37A /* SwiftHTTP.swift */ = {isa = PBXFileReference; fileEncoding = 4; lastKnownFileType = sourcecode.swift; path = SwiftHTTP.swift; sourceTree = "<group>"; };
		FAE88D5A1BFA0CE4000FC37A /* JSONJoy.swift */ = {isa = PBXFileReference; fileEncoding = 4; lastKnownFileType = sourcecode.swift; path = JSONJoy.swift; sourceTree = "<group>"; };
		FBAF0BDE093C47AEB299299A /* CDVCookies.h */ = {isa = PBXFileReference; fileEncoding = 4; lastKnownFileType = sourcecode.c.h; name = CDVCookies.h; path = com.triarc.cookies/CDVCookies.h; sourceTree = "<group>"; };
		FC53DF3E23BE49B7B1195219 /* APPBackgroundMode.m */ = {isa = PBXFileReference; fileEncoding = 4; lastKnownFileType = sourcecode.c.objc; name = APPBackgroundMode.m; path = "de.appplant.cordova.plugin.background-mode/APPBackgroundMode.m"; sourceTree = "<group>"; };
/* End PBXFileReference section */

/* Begin PBXFrameworksBuildPhase section */
		1D60588F0D05DD3D006BFB54 /* Frameworks */ = {
			isa = PBXFrameworksBuildPhase;
			buildActionMask = 2147483647;
			files = (
				FA65C5CE1B70EA2D004E6CCD /* SystemConfiguration.framework in Frameworks */,
				5B1594DD16A7569C00FEF299 /* AssetsLibrary.framework in Frameworks */,
				301BF552109A68D80062928A /* libCordova.a in Frameworks */,
				288765FD0DF74451002DB57D /* CoreGraphics.framework in Frameworks */,
				305D5FD1115AB8F900A74A75 /* MobileCoreServices.framework in Frameworks */,
			);
			runOnlyForDeploymentPostprocessing = 0;
		};
		7169FA1F3C8B0150C2B4E755 /* Frameworks */ = {
			isa = PBXFrameworksBuildPhase;
			buildActionMask = 2147483647;
			files = (
			);
			runOnlyForDeploymentPostprocessing = 0;
		};
		FA11734C1BF9DC6E00D430C8 /* Frameworks */ = {
			isa = PBXFrameworksBuildPhase;
			buildActionMask = 2147483647;
			files = (
			);
			runOnlyForDeploymentPostprocessing = 0;
		};
		FA93E68B1B71203F00BE50F1 /* Frameworks */ = {
			isa = PBXFrameworksBuildPhase;
			buildActionMask = 2147483647;
			files = (
				FA93E6901B71203F00BE50F1 /* NotificationCenter.framework in Frameworks */,
			);
			runOnlyForDeploymentPostprocessing = 0;
		};
/* End PBXFrameworksBuildPhase section */

/* Begin PBXGroup section */
		080E96DDFE201D6D7F000001 /* Classes */ = {
			isa = PBXGroup;
			children = (
				302D95EE14D2391D003F00A1 /* MainViewController.h */,
				302D95EF14D2391D003F00A1 /* MainViewController.m */,
				302D95F014D2391D003F00A1 /* MainViewController.xib */,
				1D3623240D0F684500981E51 /* AppDelegate.h */,
				1D3623250D0F684500981E51 /* AppDelegate.m */,
			);
			name = Classes;
			path = Sherpadesk/Classes;
			sourceTree = SOURCE_ROOT;
		};
		19C28FACFE9D520D11CA2CBB /* Products */ = {
			isa = PBXGroup;
			children = (
				1D6058910D05DD3D006BFB54 /* Sherpadesk.app */,
				FA93E68E1B71203F00BE50F1 /* Today.appex */,
				FA1173431BF9DC6D00D430C8 /* sherpawatchapp.app */,
				FA11734F1BF9DC6E00D430C8 /* sherpawatchapp Extension.appex */,
			);
			name = Products;
			sourceTree = "<group>";
		};
		29B97314FDCFA39411CA2CEA /* CustomTemplate */ = {
			isa = PBXGroup;
			children = (
				FA9B93851B6FADC900AFCB52 /* Sherpadesk.entitlements */,
				EB87FDF41871DAF40020F90C /* config.xml */,
				EB87FDF31871DA8E0020F90C /* www */,
				EB87FDF21871DA7A0020F90C /* merges */,
				EB87FDF11871DA420020F90C /* Staging */,
				301BF52D109A57CC0062928A /* CordovaLib.xcodeproj */,
				080E96DDFE201D6D7F000001 /* Classes */,
				307C750510C5A3420062BCA9 /* Plugins */,
				29B97315FDCFA39411CA2CEA /* Other Sources */,
				29B97317FDCFA39411CA2CEA /* Resources */,
				FA93E6911B71203F00BE50F1 /* Today */,
				FA1173441BF9DC6D00D430C8 /* sherpawatchapp */,
				FA1173531BF9DC6E00D430C8 /* sherpawatchapp Extension */,
				29B97323FDCFA39411CA2CEA /* Frameworks */,
				19C28FACFE9D520D11CA2CBB /* Products */,
				BF6ED9B544D3E18CA870047A /* Pods */,
			);
			name = CustomTemplate;
			sourceTree = "<group>";
		};
		29B97315FDCFA39411CA2CEA /* Other Sources */ = {
			isa = PBXGroup;
			children = (
				32CA4F630368D1EE00C91783 /* Sherpadesk-Prefix.pch */,
				29B97316FDCFA39411CA2CEA /* main.m */,
			);
			name = "Other Sources";
			path = Sherpadesk;
			sourceTree = "<group>";
		};
		29B97317FDCFA39411CA2CEA /* Resources */ = {
			isa = PBXGroup;
			children = (
				FA9B93891B6FD2B400AFCB52 /* Images.xcassets */,
				308D052D1370CCF300D202BF /* icons */,
				308D05311370CCF300D202BF /* splash */,
				8D1107310486CEB800E47090 /* Sherpadesk-Info.plist */,
				E99A03B192F543B5BE3C0016 /* appbeep.wav */,
			);
			name = Resources;
			path = Sherpadesk/Resources;
			sourceTree = "<group>";
		};
		29B97323FDCFA39411CA2CEA /* Frameworks */ = {
			isa = PBXGroup;
			children = (
				5B1594DC16A7569C00FEF299 /* AssetsLibrary.framework */,
				288765FC0DF74451002DB57D /* CoreGraphics.framework */,
				305D5FD0115AB8F900A74A75 /* MobileCoreServices.framework */,
				A161451004734389B8C0B29F /* GCDWebServer.framework */,
				521699A428534A7A89ECE0DA /* libz.dylib */,
				10BCD21124D1464A97E8D52C /* CFNetwork.framework */,
				6009679A53DE46318BAF2499 /* SystemConfiguration.framework */,
				B594D4A4EAB9441697BA162F /* WebKit.framework */,
				47AD85DDBE9E4A049D9382F1 /* Foundation.framework */,
				FA93E68F1B71203F00BE50F1 /* NotificationCenter.framework */,
			);
			name = Frameworks;
			sourceTree = "<group>";
		};
		301BF52E109A57CC0062928A /* Products */ = {
			isa = PBXGroup;
			children = (
				301BF535109A57CC0062928A /* libCordova.a */,
			);
			name = Products;
			sourceTree = "<group>";
		};
		307C750510C5A3420062BCA9 /* Plugins */ = {
			isa = PBXGroup;
			children = (
				B07FAA91523A4564B66347C9 /* AppDelegate+APPRegisterUserNotificationSettings.m */,
				3432174997A5489981F5FA69 /* AppDelegate+APPRegisterUserNotificationSettings.h */,
				C431A57A422C404DA046B62E /* APPBadge.m */,
				0A893352E17C4A738DD232E9 /* UIApplication+APPBadge.m */,
				3748FCEA6BD142BA9D8BCBB6 /* APPBadge.h */,
				016E73D209564EF183D7AC08 /* UIApplication+APPBadge.h */,
				2452569EF51942EBB8DBCE4E /* CDVConnection.m */,
				246B6E31D3164003B706A996 /* CDVReachability.m */,
				8E83141A9CB64A3599A4AB6B /* CDVConnection.h */,
				05ADBA88238A45099EB5B456 /* CDVReachability.h */,
				79E6580DA90E4E41A2FFB923 /* CDVInAppBrowser.m */,
				E82986B301574ACFA41FC55A /* CDVInAppBrowser.h */,
				182F9F544C2248BE9DBECFCF /* CDVCookies.m */,
				FBAF0BDE093C47AEB299299A /* CDVCookies.h */,
				A7DE280053D54C5291C7B688 /* AppPreferences.m */,
				513116B38E1D4CEFB6123E0A /* AppPreferences.h */,
				BF644C13610148938FAE4448 /* CDVDevice.m */,
				3BAEE992D3C24FDEBD598433 /* CDVDevice.h */,
				FC53DF3E23BE49B7B1195219 /* APPBackgroundMode.m */,
				90F109DDF7AB41059A2B205C /* APPBackgroundMode.h */,
			);
			name = Plugins;
			path = Sherpadesk/Plugins;
			sourceTree = SOURCE_ROOT;
		};
		308D052D1370CCF300D202BF /* icons */ = {
			isa = PBXGroup;
			children = (
				30C1856519D5FC0A00212699 /* icon-60@3x.png */,
				7E7966D41810823500FA85AD /* icon-40.png */,
				7E7966D51810823500FA85AD /* icon-40@2x.png */,
				7E7966D61810823500FA85AD /* icon-50.png */,
				7E7966D71810823500FA85AD /* icon-50@2x.png */,
				7E7966D81810823500FA85AD /* icon-60.png */,
				7E7966D91810823500FA85AD /* icon-60@2x.png */,
				7E7966DA1810823500FA85AD /* icon-76.png */,
				7E7966DB1810823500FA85AD /* icon-76@2x.png */,
				7E7966DC1810823500FA85AD /* icon-small.png */,
				7E7966DD1810823500FA85AD /* icon-small@2x.png */,
				30FC414816E50CA1004E6F35 /* icon-72@2x.png */,
				308D052E1370CCF300D202BF /* icon-72.png */,
				308D052F1370CCF300D202BF /* icon.png */,
				308D05301370CCF300D202BF /* icon@2x.png */,
			);
			path = icons;
			sourceTree = "<group>";
		};
		308D05311370CCF300D202BF /* splash */ = {
			isa = PBXGroup;
			children = (
				D4A0D8751607E02300AEF8BB /* Default-568h@2x~iphone.png */,
				3088BBB8154F3926009F9C59 /* Default-Landscape~ipad.png */,
				3088BBBA154F3926009F9C59 /* Default-Portrait~ipad.png */,
				3088BBBB154F3926009F9C59 /* Default@2x~iphone.png */,
				3088BBBC154F3926009F9C59 /* Default~iphone.png */,
			);
			path = splash;
			sourceTree = "<group>";
		};
		BF6ED9B544D3E18CA870047A /* Pods */ = {
			isa = PBXGroup;
			children = (
				62D6089799416D9AA558347F /* Pods-Sherpadesk.debug.xcconfig */,
				88518F6937D1444A93F68096 /* Pods-Sherpadesk.release.xcconfig */,
			);
			name = Pods;
			sourceTree = "<group>";
		};
		EB87FDF11871DA420020F90C /* Staging */ = {
			isa = PBXGroup;
			children = (
				F840E1F0165FE0F500CFE078 /* config.xml */,
				301BF56E109A69640062928A /* www */,
			);
			name = Staging;
			sourceTree = "<group>";
		};
		FA1173441BF9DC6D00D430C8 /* sherpawatchapp */ = {
			isa = PBXGroup;
			children = (
				FA11736B1BF9EF0D00D430C8 /* sherpawatchapp.entitlements */,
				FA1173451BF9DC6D00D430C8 /* Interface.storyboard */,
				FA1173481BF9DC6D00D430C8 /* Assets.xcassets */,
				FA11734A1BF9DC6D00D430C8 /* Info.plist */,
			);
			path = sherpawatchapp;
			sourceTree = "<group>";
		};
		FA1173531BF9DC6E00D430C8 /* sherpawatchapp Extension */ = {
			isa = PBXGroup;
			children = (
				FAE88D5A1BFA0CE4000FC37A /* JSONJoy.swift */,
				FAE88D581BFA0AF2000FC37A /* SwiftHTTP.swift */,
				FAE88D2F1BF9FFE6000FC37A /* AddTime.swift */,
				FAE88D301BF9FFE6000FC37A /* SelectAccount.swift */,
				FAE88D311BF9FFE6000FC37A /* SelectProject.swift */,
				FAE88D321BF9FFE6000FC37A /* SelectType.swift */,
				FAE88D331BF9FFE6000FC37A /* TextTableRowController.swift */,
				FAE88D341BF9FFE6000FC37A /* TypeTableRowController.swift */,
				FAE88D351BF9FFE6000FC37A /* ProjectTableRowController.swift */,
				FAE88D361BF9FFE6000FC37A /* RecordTableRowController.swift */,
				FA11736C1BF9EF2800D430C8 /* sherpawatchapp Extension.entitlements */,
				FA1173561BF9DC6E00D430C8 /* InterfaceController.swift */,
				FA1173581BF9DC6E00D430C8 /* ExtensionDelegate.swift */,
				FA11735A1BF9DC6E00D430C8 /* NotificationController.swift */,
				FA11735E1BF9DC6E00D430C8 /* Assets.xcassets */,
				FA1173601BF9DC6E00D430C8 /* Info.plist */,
				FA1173541BF9DC6E00D430C8 /* Supporting Files */,
			);
			path = "sherpawatchapp Extension";
			sourceTree = "<group>";
		};
		FA1173541BF9DC6E00D430C8 /* Supporting Files */ = {
			isa = PBXGroup;
			children = (
				FA1173551BF9DC6E00D430C8 /* PushNotificationPayload.apns */,
			);
			name = "Supporting Files";
			sourceTree = "<group>";
		};
		FA93E6911B71203F00BE50F1 /* Today */ = {
			isa = PBXGroup;
			children = (
				FA93E6A21B7124B400BE50F1 /* Media.xcassets */,
				FA93E69F1B7120AC00BE50F1 /* Today.entitlements */,
				FA93E6921B71203F00BE50F1 /* TodayViewController.swift */,
				FA93E6941B71203F00BE50F1 /* MainInterface.storyboard */,
				FA93E6971B71203F00BE50F1 /* Info.plist */,
			);
			path = Today;
			sourceTree = "<group>";
		};
/* End PBXGroup section */

/* Begin PBXNativeTarget section */
		1D6058900D05DD3D006BFB54 /* Sherpadesk */ = {
			isa = PBXNativeTarget;
			buildConfigurationList = 1D6058960D05DD3E006BFB54 /* Build configuration list for PBXNativeTarget "Sherpadesk" */;
			buildPhases = (
				304B58A110DAC018002A0835 /* Copy www directory */,
				1D60588D0D05DD3D006BFB54 /* Resources */,
				1D60588E0D05DD3D006BFB54 /* Sources */,
				1D60588F0D05DD3D006BFB54 /* Frameworks */,
				FA93E67E1B70FC8600BE50F1 /* Embed Watch Content */,
				FA93E69E1B71203F00BE50F1 /* Embed App Extensions */,
				FAD258E21BC2EE1400711F10 /* Embed Frameworks */,
			);
			buildRules = (
			);
			dependencies = (
				301BF551109A68C00062928A /* PBXTargetDependency */,
				FA93E6991B71203F00BE50F1 /* PBXTargetDependency */,
				FA1173621BF9DC6E00D430C8 /* PBXTargetDependency */,
			);
			name = Sherpadesk;
			productName = Sherpadesk;
			productReference = 1D6058910D05DD3D006BFB54 /* Sherpadesk.app */;
			productType = "com.apple.product-type.application";
		};
		FA1173421BF9DC6D00D430C8 /* sherpawatchapp */ = {
			isa = PBXNativeTarget;
			buildConfigurationList = FA1173681BF9DC6E00D430C8 /* Build configuration list for PBXNativeTarget "sherpawatchapp" */;
			buildPhases = (
				FA1173411BF9DC6D00D430C8 /* Resources */,
				FA1173671BF9DC6E00D430C8 /* Embed App Extensions */,
				7169FA1F3C8B0150C2B4E755 /* Frameworks */,
			);
			buildRules = (
			);
			dependencies = (
				FA1173521BF9DC6E00D430C8 /* PBXTargetDependency */,
			);
			name = sherpawatchapp;
			productName = sherpawatchapp;
			productReference = FA1173431BF9DC6D00D430C8 /* sherpawatchapp.app */;
			productType = "com.apple.product-type.application.watchapp2";
		};
		FA11734E1BF9DC6E00D430C8 /* sherpawatchapp Extension */ = {
			isa = PBXNativeTarget;
			buildConfigurationList = FA1173641BF9DC6E00D430C8 /* Build configuration list for PBXNativeTarget "sherpawatchapp Extension" */;
			buildPhases = (
				FA11734B1BF9DC6E00D430C8 /* Sources */,
				FA11734C1BF9DC6E00D430C8 /* Frameworks */,
				FA11734D1BF9DC6E00D430C8 /* Resources */,
			);
			buildRules = (
			);
			dependencies = (
			);
			name = "sherpawatchapp Extension";
			productName = "sherpawatchapp Extension";
			productReference = FA11734F1BF9DC6E00D430C8 /* sherpawatchapp Extension.appex */;
			productType = "com.apple.product-type.watchkit2-extension";
		};
		FA93E68D1B71203F00BE50F1 /* Today */ = {
			isa = PBXNativeTarget;
			buildConfigurationList = FA93E69D1B71203F00BE50F1 /* Build configuration list for PBXNativeTarget "Today" */;
			buildPhases = (
				FA93E68A1B71203F00BE50F1 /* Sources */,
				FA93E68B1B71203F00BE50F1 /* Frameworks */,
				FA93E68C1B71203F00BE50F1 /* Resources */,
			);
			buildRules = (
			);
			dependencies = (
			);
			name = Today;
			productName = Today;
			productReference = FA93E68E1B71203F00BE50F1 /* Today.appex */;
			productType = "com.apple.product-type.app-extension";
		};
/* End PBXNativeTarget section */

/* Begin PBXProject section */
		29B97313FDCFA39411CA2CEA /* Project object */ = {
			isa = PBXProject;
			attributes = {
				LastSwiftUpdateCheck = 0700;
				LastUpgradeCheck = 0700;
				TargetAttributes = {
					1D6058900D05DD3D006BFB54 = {
						DevelopmentTeam = ULP5NZPYZX;
						LastSwiftMigration = 0820;
						ProvisioningStyle = Automatic;
						SystemCapabilities = {
							com.apple.ApplicationGroups.iOS = {
								enabled = 1;
							};
							com.apple.Push = {
								enabled = 1;
							};
						};
					};
					FA1173421BF9DC6D00D430C8 = {
						CreatedOnToolsVersion = 7.0.1;
						DevelopmentTeam = ULP5NZPYZX;
						LastSwiftMigration = 0820;
						ProvisioningStyle = Automatic;
						SystemCapabilities = {
							com.apple.ApplicationGroups.iOS = {
								enabled = 1;
							};
						};
					};
					FA11734E1BF9DC6E00D430C8 = {
						CreatedOnToolsVersion = 7.0.1;
						DevelopmentTeam = ULP5NZPYZX;
						LastSwiftMigration = 0820;
						ProvisioningStyle = Automatic;
						SystemCapabilities = {
							com.apple.ApplicationGroups.iOS = {
								enabled = 1;
							};
							com.apple.Push = {
								enabled = 1;
							};
						};
					};
					FA93E68D1B71203F00BE50F1 = {
						CreatedOnToolsVersion = 7.0;
						DevelopmentTeam = ULP5NZPYZX;
						LastSwiftMigration = 0820;
						ProvisioningStyle = Automatic;
						SystemCapabilities = {
							com.apple.ApplicationGroups.iOS = {
								enabled = 1;
							};
							com.apple.Push = {
								enabled = 1;
							};
						};
					};
				};
			};
			buildConfigurationList = C01FCF4E08A954540054247B /* Build configuration list for PBXProject "SherpaDesk" */;
			compatibilityVersion = "Xcode 6.3";
			developmentRegion = English;
			hasScannedForEncodings = 1;
			knownRegions = (
				English,
				Japanese,
				French,
				German,
				en,
				es,
				de,
				se,
				Base,
			);
			mainGroup = 29B97314FDCFA39411CA2CEA /* CustomTemplate */;
			productRefGroup = 19C28FACFE9D520D11CA2CBB /* Products */;
			projectDirPath = "";
			projectReferences = (
				{
					ProductGroup = 301BF52E109A57CC0062928A /* Products */;
					ProjectRef = 301BF52D109A57CC0062928A /* CordovaLib.xcodeproj */;
				},
			);
			projectRoot = "";
			targets = (
				1D6058900D05DD3D006BFB54 /* Sherpadesk */,
				FA93E68D1B71203F00BE50F1 /* Today */,
				FA1173421BF9DC6D00D430C8 /* sherpawatchapp */,
				FA11734E1BF9DC6E00D430C8 /* sherpawatchapp Extension */,
			);
		};
/* End PBXProject section */

/* Begin PBXReferenceProxy section */
		301BF535109A57CC0062928A /* libCordova.a */ = {
			isa = PBXReferenceProxy;
			fileType = archive.ar;
			path = libCordova.a;
			remoteRef = 301BF534109A57CC0062928A /* PBXContainerItemProxy */;
			sourceTree = BUILT_PRODUCTS_DIR;
		};
/* End PBXReferenceProxy section */

/* Begin PBXResourcesBuildPhase section */
		1D60588D0D05DD3D006BFB54 /* Resources */ = {
			isa = PBXResourcesBuildPhase;
			buildActionMask = 2147483647;
			files = (
				7E7966E41810823500FA85AD /* icon-76.png in Resources */,
				7E7966DF1810823500FA85AD /* icon-40@2x.png in Resources */,
				308D05371370CCF300D202BF /* icon-72.png in Resources */,
				308D05381370CCF300D202BF /* icon.png in Resources */,
				308D05391370CCF300D202BF /* icon@2x.png in Resources */,
				302D95F214D2391D003F00A1 /* MainViewController.xib in Resources */,
				7E7966E01810823500FA85AD /* icon-50.png in Resources */,
				7E7966E31810823500FA85AD /* icon-60@2x.png in Resources */,
				7E7966E61810823500FA85AD /* icon-small.png in Resources */,
				3088BBBE154F3926009F9C59 /* Default-Landscape~ipad.png in Resources */,
				7E7966E71810823500FA85AD /* icon-small@2x.png in Resources */,
				3088BBC0154F3926009F9C59 /* Default-Portrait~ipad.png in Resources */,
				7E7966DE1810823500FA85AD /* icon-40.png in Resources */,
				3088BBC1154F3926009F9C59 /* Default@2x~iphone.png in Resources */,
				7E7966E21810823500FA85AD /* icon-60.png in Resources */,
				FA9B938A1B6FD2B400AFCB52 /* Images.xcassets in Resources */,
				3088BBC2154F3926009F9C59 /* Default~iphone.png in Resources */,
				D4A0D8761607E02300AEF8BB /* Default-568h@2x~iphone.png in Resources */,
				30C1856619D5FC0A00212699 /* icon-60@3x.png in Resources */,
				7E7966E11810823500FA85AD /* icon-50@2x.png in Resources */,
				7E7966E51810823500FA85AD /* icon-76@2x.png in Resources */,
				30FC414916E50CA1004E6F35 /* icon-72@2x.png in Resources */,
				BF933E555BBA448DB68CAF93 /* appbeep.wav in Resources */,
			);
			runOnlyForDeploymentPostprocessing = 0;
		};
		FA1173411BF9DC6D00D430C8 /* Resources */ = {
			isa = PBXResourcesBuildPhase;
			buildActionMask = 2147483647;
			files = (
				FA1173491BF9DC6D00D430C8 /* Assets.xcassets in Resources */,
				FA1173471BF9DC6D00D430C8 /* Interface.storyboard in Resources */,
			);
			runOnlyForDeploymentPostprocessing = 0;
		};
		FA11734D1BF9DC6E00D430C8 /* Resources */ = {
			isa = PBXResourcesBuildPhase;
			buildActionMask = 2147483647;
			files = (
				FA11735F1BF9DC6E00D430C8 /* Assets.xcassets in Resources */,
			);
			runOnlyForDeploymentPostprocessing = 0;
		};
		FA93E68C1B71203F00BE50F1 /* Resources */ = {
			isa = PBXResourcesBuildPhase;
			buildActionMask = 2147483647;
			files = (
				FA93E6A31B7124B400BE50F1 /* Media.xcassets in Resources */,
				FA93E6961B71203F00BE50F1 /* MainInterface.storyboard in Resources */,
			);
			runOnlyForDeploymentPostprocessing = 0;
		};
/* End PBXResourcesBuildPhase section */

/* Begin PBXShellScriptBuildPhase section */
		304B58A110DAC018002A0835 /* Copy www directory */ = {
			isa = PBXShellScriptBuildPhase;
			buildActionMask = 2147483647;
			files = (
			);
			inputPaths = (
			);
			name = "Copy www directory";
			outputPaths = (
			);
			runOnlyForDeploymentPostprocessing = 0;
			shellPath = /bin/sh;
			shellScript = "cordova/lib/copy-www-build-step.sh";
			showEnvVarsInLog = 0;
		};
/* End PBXShellScriptBuildPhase section */

/* Begin PBXSourcesBuildPhase section */
		1D60588E0D05DD3D006BFB54 /* Sources */ = {
			isa = PBXSourcesBuildPhase;
			buildActionMask = 2147483647;
			files = (
				1D60589B0D05DD56006BFB54 /* main.m in Sources */,
				1D3623260D0F684500981E51 /* AppDelegate.m in Sources */,
				302D95F114D2391D003F00A1 /* MainViewController.m in Sources */,
				831B55F06E044B5DB83559B6 /* AppDelegate+APPRegisterUserNotificationSettings.m in Sources */,
				A114B8DC5A12431B96981DF4 /* APPBadge.m in Sources */,
				96F4AF07F4C0479A94E118B6 /* UIApplication+APPBadge.m in Sources */,
				9BAA3CBD71F04FBC9E2F0A6E /* CDVConnection.m in Sources */,
				774673875B684F3BAFEB2518 /* CDVReachability.m in Sources */,
				1B6B1BC086DF4713BE5E0C32 /* CDVInAppBrowser.m in Sources */,
				DEA6761D54264D18840A821D /* CDVCookies.m in Sources */,
				E78BDA49A53B4DFF988FC4D7 /* AppPreferences.m in Sources */,
				8E2BD88576444665A6884E9E /* CDVDevice.m in Sources */,
				852EED54E1E9409E8BB31124 /* APPBackgroundMode.m in Sources */,
			);
			runOnlyForDeploymentPostprocessing = 0;
		};
		FA11734B1BF9DC6E00D430C8 /* Sources */ = {
			isa = PBXSourcesBuildPhase;
			buildActionMask = 2147483647;
			files = (
				FAE88D3E1BF9FFE6000FC37A /* RecordTableRowController.swift in Sources */,
				FA11735B1BF9DC6E00D430C8 /* NotificationController.swift in Sources */,
				FAE88D3B1BF9FFE6000FC37A /* TextTableRowController.swift in Sources */,
				FA1173591BF9DC6E00D430C8 /* ExtensionDelegate.swift in Sources */,
				FAE88D3D1BF9FFE6000FC37A /* ProjectTableRowController.swift in Sources */,
				FAE88D3C1BF9FFE6000FC37A /* TypeTableRowController.swift in Sources */,
				FAE88D591BFA0AF2000FC37A /* SwiftHTTP.swift in Sources */,
				FA1173571BF9DC6E00D430C8 /* InterfaceController.swift in Sources */,
				FAE88D5B1BFA0CE4000FC37A /* JSONJoy.swift in Sources */,
				FAE88D371BF9FFE6000FC37A /* AddTime.swift in Sources */,
				FAE88D391BF9FFE6000FC37A /* SelectProject.swift in Sources */,
				FAE88D3A1BF9FFE6000FC37A /* SelectType.swift in Sources */,
				FAE88D381BF9FFE6000FC37A /* SelectAccount.swift in Sources */,
			);
			runOnlyForDeploymentPostprocessing = 0;
		};
		FA93E68A1B71203F00BE50F1 /* Sources */ = {
			isa = PBXSourcesBuildPhase;
			buildActionMask = 2147483647;
			files = (
				FA93E6931B71203F00BE50F1 /* TodayViewController.swift in Sources */,
			);
			runOnlyForDeploymentPostprocessing = 0;
		};
/* End PBXSourcesBuildPhase section */

/* Begin PBXTargetDependency section */
		301BF551109A68C00062928A /* PBXTargetDependency */ = {
			isa = PBXTargetDependency;
			name = CordovaLib;
			targetProxy = 301BF550109A68C00062928A /* PBXContainerItemProxy */;
		};
		FA1173521BF9DC6E00D430C8 /* PBXTargetDependency */ = {
			isa = PBXTargetDependency;
			target = FA11734E1BF9DC6E00D430C8 /* sherpawatchapp Extension */;
			targetProxy = FA1173511BF9DC6E00D430C8 /* PBXContainerItemProxy */;
		};
		FA1173621BF9DC6E00D430C8 /* PBXTargetDependency */ = {
			isa = PBXTargetDependency;
			target = FA1173421BF9DC6D00D430C8 /* sherpawatchapp */;
			targetProxy = FA1173611BF9DC6E00D430C8 /* PBXContainerItemProxy */;
		};
		FA93E6991B71203F00BE50F1 /* PBXTargetDependency */ = {
			isa = PBXTargetDependency;
			target = FA93E68D1B71203F00BE50F1 /* Today */;
			targetProxy = FA93E6981B71203F00BE50F1 /* PBXContainerItemProxy */;
		};
/* End PBXTargetDependency section */

/* Begin PBXVariantGroup section */
		FA1173451BF9DC6D00D430C8 /* Interface.storyboard */ = {
			isa = PBXVariantGroup;
			children = (
				FA1173461BF9DC6D00D430C8 /* Base */,
			);
			name = Interface.storyboard;
			sourceTree = "<group>";
		};
		FA93E6941B71203F00BE50F1 /* MainInterface.storyboard */ = {
			isa = PBXVariantGroup;
			children = (
				FA93E6951B71203F00BE50F1 /* Base */,
			);
			name = MainInterface.storyboard;
			sourceTree = "<group>";
		};
/* End PBXVariantGroup section */

/* Begin XCBuildConfiguration section */
		1D6058940D05DD3E006BFB54 /* Debug */ = {
			isa = XCBuildConfiguration;
			baseConfigurationReference = 62D6089799416D9AA558347F /* Pods-Sherpadesk.debug.xcconfig */;
			buildSettings = {
				ALWAYS_SEARCH_USER_PATHS = NO;
				ASSETCATALOG_COMPILER_APPICON_NAME = AppIcon;
				ASSETCATALOG_COMPILER_LAUNCHIMAGE_NAME = LaunchImage;
				CLANG_ENABLE_OBJC_ARC = YES;
				CODE_SIGN_ENTITLEMENTS = Sherpadesk/Sherpadesk.entitlements;
				CODE_SIGN_IDENTITY = "iPhone Developer";
				"CODE_SIGN_IDENTITY[sdk=iphoneos*]" = "iPhone Developer";
				COPY_PHASE_STRIP = NO;
				EMBEDDED_CONTENT_CONTAINS_SWIFT = YES;
				ENABLE_BITCODE = YES;
				FRAMEWORK_SEARCH_PATHS = (
					"$(inherited)",
					"Sherpadesk/Plugins/cordova-plugin-webserver",
					"$(PROJECT_DIR)",
				);
				GCC_DYNAMIC_NO_PIC = NO;
				GCC_OPTIMIZATION_LEVEL = 0;
				GCC_PRECOMPILE_PREFIX_HEADER = YES;
				GCC_PREFIX_HEADER = "Sherpadesk/Sherpadesk-Prefix.pch";
				GCC_THUMB_SUPPORT = NO;
				GCC_VERSION = "";
				HEADER_SEARCH_PATHS = (
					"\"$(TARGET_BUILD_DIR)/usr/local/lib/include\"",
					"\"$(OBJROOT)/UninstalledProducts/include\"",
					"\"$(BUILT_PRODUCTS_DIR)\"",
					"\"$(OBJROOT)/UninstalledProducts/$(PLATFORM_NAME)/include\"",
				);
				INFOPLIST_FILE = "Sherpadesk/Sherpadesk-Info.plist";
				IPHONEOS_DEPLOYMENT_TARGET = 9.0;
				LD_RUNPATH_SEARCH_PATHS = "$(inherited) @executable_path/Frameworks";
				LIBRARY_SEARCH_PATHS = "$(inherited)";
				OTHER_LDFLAGS = (
					"$(inherited)",
					"-weak_framework",
					CoreFoundation,
					"-weak_framework",
					UIKit,
					"-weak_framework",
					AVFoundation,
					"-weak_framework",
					CoreMedia,
					"-weak-lSystem",
					"-ObjC",
				);
				PRODUCT_BUNDLE_IDENTIFIER = com.sherpadesk.mobile;
				PRODUCT_NAME = Sherpadesk;
				PROVISIONING_PROFILE = "";
				SWIFT_VERSION = 3.0;
				TARGETED_DEVICE_FAMILY = "1,2";
			};
			name = Debug;
		};
		1D6058950D05DD3E006BFB54 /* Release */ = {
			isa = XCBuildConfiguration;
			baseConfigurationReference = 88518F6937D1444A93F68096 /* Pods-Sherpadesk.release.xcconfig */;
			buildSettings = {
				ALWAYS_SEARCH_USER_PATHS = NO;
				ASSETCATALOG_COMPILER_APPICON_NAME = AppIcon;
				ASSETCATALOG_COMPILER_LAUNCHIMAGE_NAME = LaunchImage;
				CLANG_ENABLE_OBJC_ARC = YES;
				CODE_SIGN_ENTITLEMENTS = Sherpadesk/Sherpadesk.entitlements;
				CODE_SIGN_IDENTITY = "";
				"CODE_SIGN_IDENTITY[sdk=iphoneos*]" = "iPhone Developer";
				COPY_PHASE_STRIP = YES;
				DEVELOPMENT_TEAM = "";
				EMBEDDED_CONTENT_CONTAINS_SWIFT = YES;
				ENABLE_BITCODE = YES;
				FRAMEWORK_SEARCH_PATHS = (
					"$(inherited)",
					"Sherpadesk/Plugins/cordova-plugin-webserver",
					"$(PROJECT_DIR)",
				);
				GCC_PRECOMPILE_PREFIX_HEADER = YES;
				GCC_PREFIX_HEADER = "Sherpadesk/Sherpadesk-Prefix.pch";
				GCC_THUMB_SUPPORT = NO;
				GCC_VERSION = "";
				HEADER_SEARCH_PATHS = (
					"\"$(TARGET_BUILD_DIR)/usr/local/lib/include\"",
					"\"$(OBJROOT)/UninstalledProducts/include\"",
					"\"$(BUILT_PRODUCTS_DIR)\"",
					"\"$(OBJROOT)/UninstalledProducts/$(PLATFORM_NAME)/include\"",
				);
				INFOPLIST_FILE = "Sherpadesk/Sherpadesk-Info.plist";
				IPHONEOS_DEPLOYMENT_TARGET = 9.0;
				LD_RUNPATH_SEARCH_PATHS = "$(inherited) @executable_path/Frameworks";
				LIBRARY_SEARCH_PATHS = "$(inherited)";
				OTHER_LDFLAGS = (
					"$(inherited)",
					"-weak_framework",
					CoreFoundation,
					"-weak_framework",
					UIKit,
					"-weak_framework",
					AVFoundation,
					"-weak_framework",
					CoreMedia,
					"-weak-lSystem",
					"-ObjC",
				);
				PRODUCT_BUNDLE_IDENTIFIER = com.sherpadesk.mobile;
				PRODUCT_NAME = Sherpadesk;
				PROVISIONING_PROFILE = "";
				PROVISIONING_PROFILE_SPECIFIER = "";
				SWIFT_VERSION = 3.0;
				TARGETED_DEVICE_FAMILY = "1,2";
			};
			name = Release;
		};
		C01FCF4F08A954540054247B /* Debug */ = {
			isa = XCBuildConfiguration;
			buildSettings = {
				CLANG_ENABLE_OBJC_ARC = YES;
				CLANG_WARN_BOOL_CONVERSION = YES;
				CLANG_WARN_CONSTANT_CONVERSION = YES;
				CLANG_WARN_EMPTY_BODY = YES;
				CLANG_WARN_ENUM_CONVERSION = YES;
				CLANG_WARN_INT_CONVERSION = YES;
				CLANG_WARN__DUPLICATE_METHOD_MATCH = YES;
				CODE_SIGN_IDENTITY = "iPhone Developer";
				"CODE_SIGN_IDENTITY[sdk=iphoneos*]" = "iPhone Developer";
				ENABLE_TESTABILITY = YES;
				GCC_C_LANGUAGE_STANDARD = c99;
				GCC_THUMB_SUPPORT = NO;
				GCC_VERSION = "";
				GCC_WARN_ABOUT_RETURN_TYPE = YES;
				GCC_WARN_UNDECLARED_SELECTOR = YES;
				GCC_WARN_UNINITIALIZED_AUTOS = YES;
				GCC_WARN_UNUSED_FUNCTION = YES;
				GCC_WARN_UNUSED_VARIABLE = YES;
				HEADER_SEARCH_PATHS = (
					"\"$(TARGET_BUILD_DIR)/usr/local/lib/include\"",
					"\"$(OBJROOT)/UninstalledProducts/include\"",
					"\"$(BUILT_PRODUCTS_DIR)\"",
				);
				IPHONEOS_DEPLOYMENT_TARGET = 9.0;
				ONLY_ACTIVE_ARCH = YES;
				OTHER_LDFLAGS = (
					"$(inherited)",
					"-weak_framework",
					CoreFoundation,
					"-weak_framework",
					UIKit,
					"-weak-lSystem",
					"-ObjC",
				);
				PROVISIONING_PROFILE = "b5774379-b104-472e-85b1-54ec8e6abe34";
				SDKROOT = iphoneos;
				SKIP_INSTALL = NO;
				USER_HEADER_SEARCH_PATHS = "";
			};
			name = Debug;
		};
		C01FCF5008A954540054247B /* Release */ = {
			isa = XCBuildConfiguration;
			buildSettings = {
				CLANG_ENABLE_OBJC_ARC = YES;
				CLANG_WARN_BOOL_CONVERSION = YES;
				CLANG_WARN_CONSTANT_CONVERSION = YES;
				CLANG_WARN_EMPTY_BODY = YES;
				CLANG_WARN_ENUM_CONVERSION = YES;
				CLANG_WARN_INT_CONVERSION = YES;
				CLANG_WARN__DUPLICATE_METHOD_MATCH = YES;
				CODE_SIGN_IDENTITY = "iPhone Distribution: bigWebApps, Inc. (ULP5NZPYZX)";
				"CODE_SIGN_IDENTITY[sdk=iphoneos*]" = "iPhone Distribution: bigWebApps, Inc. (ULP5NZPYZX)";
				GCC_C_LANGUAGE_STANDARD = c99;
				GCC_THUMB_SUPPORT = NO;
				GCC_VERSION = "";
				GCC_WARN_ABOUT_RETURN_TYPE = YES;
				GCC_WARN_UNDECLARED_SELECTOR = YES;
				GCC_WARN_UNINITIALIZED_AUTOS = YES;
				GCC_WARN_UNUSED_FUNCTION = YES;
				GCC_WARN_UNUSED_VARIABLE = YES;
				HEADER_SEARCH_PATHS = (
					"\"$(TARGET_BUILD_DIR)/usr/local/lib/include\"",
					"\"$(OBJROOT)/UninstalledProducts/include\"",
					"\"$(BUILT_PRODUCTS_DIR)\"",
				);
				IPHONEOS_DEPLOYMENT_TARGET = 9.0;
				OTHER_LDFLAGS = (
					"$(inherited)",
					"-weak_framework",
					CoreFoundation,
					"-weak_framework",
					UIKit,
					"-weak-lSystem",
					"-ObjC",
				);
				PROVISIONING_PROFILE = "b5774379-b104-472e-85b1-54ec8e6abe34";
				SDKROOT = iphoneos;
				SKIP_INSTALL = NO;
				USER_HEADER_SEARCH_PATHS = "";
			};
			name = Release;
		};
		FA1173651BF9DC6E00D430C8 /* Debug */ = {
			isa = XCBuildConfiguration;
			buildSettings = {
				ALWAYS_SEARCH_USER_PATHS = NO;
				CLANG_CXX_LANGUAGE_STANDARD = "gnu++0x";
				CLANG_CXX_LIBRARY = "libc++";
				CLANG_ENABLE_MODULES = YES;
				CLANG_WARN_DIRECT_OBJC_ISA_USAGE = YES_ERROR;
				CLANG_WARN_OBJC_ROOT_CLASS = YES_ERROR;
				CLANG_WARN_UNREACHABLE_CODE = YES;
				CODE_SIGN_ENTITLEMENTS = "sherpawatchapp Extension/sherpawatchapp Extension.entitlements";
				CODE_SIGN_IDENTITY = "iPhone Developer";
				"CODE_SIGN_IDENTITY[sdk=watchos*]" = "iPhone Developer";
				COPY_PHASE_STRIP = NO;
				DEBUG_INFORMATION_FORMAT = dwarf;
				ENABLE_STRICT_OBJC_MSGSEND = YES;
				FRAMEWORK_SEARCH_PATHS = (
					"$(inherited)",
					"$(PROJECT_DIR)/Frameworks_watch",
					"$(PROJECT_DIR)/build/Debug-iphoneos/SwiftHTTP",
				);
				GCC_C_LANGUAGE_STANDARD = gnu99;
				GCC_DYNAMIC_NO_PIC = NO;
				GCC_NO_COMMON_BLOCKS = YES;
				GCC_OPTIMIZATION_LEVEL = 0;
				GCC_PREPROCESSOR_DEFINITIONS = (
					"DEBUG=1",
					"$(inherited)",
				);
				GCC_WARN_64_TO_32_BIT_CONVERSION = YES;
				GCC_WARN_ABOUT_RETURN_TYPE = YES_ERROR;
				GCC_WARN_UNINITIALIZED_AUTOS = YES_AGGRESSIVE;
				INFOPLIST_FILE = "sherpawatchapp Extension/Info.plist";
				LD_RUNPATH_SEARCH_PATHS = "$(inherited) @executable_path/Frameworks @executable_path/../../Frameworks";
				MTL_ENABLE_DEBUG_INFO = YES;
				PRODUCT_BUNDLE_IDENTIFIER = com.sherpadesk.mobile.watchkitapp.watchkitextension;
				PRODUCT_NAME = "${TARGET_NAME}";
				PROVISIONING_PROFILE = "";
				SDKROOT = watchos;
				SKIP_INSTALL = YES;
				SWIFT_OPTIMIZATION_LEVEL = "-Onone";
				SWIFT_VERSION = 3.0;
				TARGETED_DEVICE_FAMILY = 4;
				WATCHOS_DEPLOYMENT_TARGET = 2.0;
			};
			name = Debug;
		};
		FA1173661BF9DC6E00D430C8 /* Release */ = {
			isa = XCBuildConfiguration;
			buildSettings = {
				ALWAYS_SEARCH_USER_PATHS = NO;
				CLANG_CXX_LANGUAGE_STANDARD = "gnu++0x";
				CLANG_CXX_LIBRARY = "libc++";
				CLANG_ENABLE_MODULES = YES;
				CLANG_WARN_DIRECT_OBJC_ISA_USAGE = YES_ERROR;
				CLANG_WARN_OBJC_ROOT_CLASS = YES_ERROR;
				CLANG_WARN_UNREACHABLE_CODE = YES;
				CODE_SIGN_ENTITLEMENTS = "sherpawatchapp Extension/sherpawatchapp Extension.entitlements";
				CODE_SIGN_IDENTITY = "iPhone Distribution: bigWebApps, Inc. (ULP5NZPYZX)";
				"CODE_SIGN_IDENTITY[sdk=watchos*]" = "iPhone Developer";
				COPY_PHASE_STRIP = NO;
				DEBUG_INFORMATION_FORMAT = "dwarf-with-dsym";
				DEVELOPMENT_TEAM = "";
				ENABLE_NS_ASSERTIONS = NO;
				ENABLE_STRICT_OBJC_MSGSEND = YES;
				FRAMEWORK_SEARCH_PATHS = (
					"$(inherited)",
					"$(PROJECT_DIR)/Frameworks_watch",
					"$(PROJECT_DIR)/build/Debug-iphoneos/SwiftHTTP",
				);
				GCC_C_LANGUAGE_STANDARD = gnu99;
				GCC_NO_COMMON_BLOCKS = YES;
				GCC_WARN_64_TO_32_BIT_CONVERSION = YES;
				GCC_WARN_ABOUT_RETURN_TYPE = YES_ERROR;
				GCC_WARN_UNINITIALIZED_AUTOS = YES_AGGRESSIVE;
				INFOPLIST_FILE = "sherpawatchapp Extension/Info.plist";
				LD_RUNPATH_SEARCH_PATHS = "$(inherited) @executable_path/Frameworks @executable_path/../../Frameworks";
				MTL_ENABLE_DEBUG_INFO = NO;
				PRODUCT_BUNDLE_IDENTIFIER = com.sherpadesk.mobile.watchkitapp.watchkitextension;
				PRODUCT_NAME = "${TARGET_NAME}";
				PROVISIONING_PROFILE = "";
				PROVISIONING_PROFILE_SPECIFIER = "";
				SDKROOT = watchos;
				SKIP_INSTALL = YES;
				SWIFT_VERSION = 3.0;
				TARGETED_DEVICE_FAMILY = 4;
				VALIDATE_PRODUCT = YES;
				WATCHOS_DEPLOYMENT_TARGET = 2.0;
			};
			name = Release;
		};
		FA1173691BF9DC6E00D430C8 /* Debug */ = {
			isa = XCBuildConfiguration;
			buildSettings = {
				ALWAYS_SEARCH_USER_PATHS = NO;
				ASSETCATALOG_COMPILER_APPICON_NAME = AppIcon;
				CLANG_CXX_LANGUAGE_STANDARD = "gnu++0x";
				CLANG_CXX_LIBRARY = "libc++";
				CLANG_ENABLE_MODULES = YES;
				CLANG_WARN_DIRECT_OBJC_ISA_USAGE = YES_ERROR;
				CLANG_WARN_OBJC_ROOT_CLASS = YES_ERROR;
				CLANG_WARN_UNREACHABLE_CODE = YES;
				CODE_SIGN_ENTITLEMENTS = sherpawatchapp/sherpawatchapp.entitlements;
				CODE_SIGN_IDENTITY = "iPhone Developer";
				"CODE_SIGN_IDENTITY[sdk=iphoneos*]" = "iPhone Developer: Jon Vickers (9KF4DJHBSJ)";
				"CODE_SIGN_IDENTITY[sdk=watchos*]" = "iPhone Developer";
				COPY_PHASE_STRIP = NO;
				DEBUG_INFORMATION_FORMAT = dwarf;
				EMBEDDED_CONTENT_CONTAINS_SWIFT = YES;
				ENABLE_STRICT_OBJC_MSGSEND = YES;
				GCC_C_LANGUAGE_STANDARD = gnu99;
				GCC_DYNAMIC_NO_PIC = NO;
				GCC_NO_COMMON_BLOCKS = YES;
				GCC_OPTIMIZATION_LEVEL = 0;
				GCC_PREPROCESSOR_DEFINITIONS = (
					"DEBUG=1",
					"$(inherited)",
				);
				GCC_WARN_64_TO_32_BIT_CONVERSION = YES;
				GCC_WARN_ABOUT_RETURN_TYPE = YES_ERROR;
				GCC_WARN_UNINITIALIZED_AUTOS = YES_AGGRESSIVE;
				IBSC_MODULE = sherpawatchapp_Extension;
				INFOPLIST_FILE = sherpawatchapp/Info.plist;
				MTL_ENABLE_DEBUG_INFO = YES;
				PRODUCT_BUNDLE_IDENTIFIER = com.sherpadesk.mobile.watchkitapp;
				PRODUCT_NAME = "$(TARGET_NAME)";
				PROVISIONING_PROFILE = "";
				SDKROOT = watchos;
				SKIP_INSTALL = YES;
				SWIFT_OPTIMIZATION_LEVEL = "-Onone";
				SWIFT_VERSION = 3.0;
				TARGETED_DEVICE_FAMILY = 4;
				WATCHOS_DEPLOYMENT_TARGET = 2.0;
			};
			name = Debug;
		};
		FA11736A1BF9DC6E00D430C8 /* Release */ = {
			isa = XCBuildConfiguration;
			buildSettings = {
				ALWAYS_SEARCH_USER_PATHS = NO;
				ASSETCATALOG_COMPILER_APPICON_NAME = AppIcon;
				CLANG_CXX_LANGUAGE_STANDARD = "gnu++0x";
				CLANG_CXX_LIBRARY = "libc++";
				CLANG_ENABLE_MODULES = YES;
				CLANG_WARN_DIRECT_OBJC_ISA_USAGE = YES_ERROR;
				CLANG_WARN_OBJC_ROOT_CLASS = YES_ERROR;
				CLANG_WARN_UNREACHABLE_CODE = YES;
				CODE_SIGN_ENTITLEMENTS = sherpawatchapp/sherpawatchapp.entitlements;
				CODE_SIGN_IDENTITY = "iPhone Distribution: bigWebApps, Inc. (ULP5NZPYZX)";
				"CODE_SIGN_IDENTITY[sdk=iphoneos*]" = "iPhone Distribution: bigWebApps, Inc. (ULP5NZPYZX)";
				"CODE_SIGN_IDENTITY[sdk=watchos*]" = "iPhone Developer";
				COPY_PHASE_STRIP = NO;
				DEBUG_INFORMATION_FORMAT = "dwarf-with-dsym";
				DEVELOPMENT_TEAM = "";
				EMBEDDED_CONTENT_CONTAINS_SWIFT = YES;
				ENABLE_NS_ASSERTIONS = NO;
				ENABLE_STRICT_OBJC_MSGSEND = YES;
				GCC_C_LANGUAGE_STANDARD = gnu99;
				GCC_NO_COMMON_BLOCKS = YES;
				GCC_WARN_64_TO_32_BIT_CONVERSION = YES;
				GCC_WARN_ABOUT_RETURN_TYPE = YES_ERROR;
				GCC_WARN_UNINITIALIZED_AUTOS = YES_AGGRESSIVE;
				IBSC_MODULE = sherpawatchapp_Extension;
				INFOPLIST_FILE = sherpawatchapp/Info.plist;
				MTL_ENABLE_DEBUG_INFO = NO;
				PRODUCT_BUNDLE_IDENTIFIER = com.sherpadesk.mobile.watchkitapp;
				PRODUCT_NAME = "$(TARGET_NAME)";
				PROVISIONING_PROFILE = "";
				PROVISIONING_PROFILE_SPECIFIER = "";
				SDKROOT = watchos;
				SKIP_INSTALL = YES;
				SWIFT_VERSION = 3.0;
				TARGETED_DEVICE_FAMILY = 4;
				VALIDATE_PRODUCT = YES;
				WATCHOS_DEPLOYMENT_TARGET = 2.0;
			};
			name = Release;
		};
		FA93E69B1B71203F00BE50F1 /* Debug */ = {
			isa = XCBuildConfiguration;
			buildSettings = {
				ALWAYS_SEARCH_USER_PATHS = NO;
				CLANG_CXX_LANGUAGE_STANDARD = "gnu++0x";
				CLANG_CXX_LIBRARY = "libc++";
				CLANG_ENABLE_MODULES = YES;
				CLANG_WARN_DIRECT_OBJC_ISA_USAGE = YES_ERROR;
				CLANG_WARN_OBJC_ROOT_CLASS = YES_ERROR;
				CLANG_WARN_UNREACHABLE_CODE = YES;
				CODE_SIGN_ENTITLEMENTS = Today/Today.entitlements;
				CODE_SIGN_IDENTITY = "iPhone Developer: Jon Vickers (9KF4DJHBSJ)";
				"CODE_SIGN_IDENTITY[sdk=iphoneos*]" = "iPhone Developer";
				COPY_PHASE_STRIP = NO;
				DEBUG_INFORMATION_FORMAT = dwarf;
				ENABLE_STRICT_OBJC_MSGSEND = YES;
				ENABLE_TESTABILITY = YES;
				FRAMEWORK_SEARCH_PATHS = (
					"$(inherited)",
					"$(PROJECT_DIR)",
					"$(PROJECT_DIR)/build/Debug-iphoneos",
				);
				GCC_C_LANGUAGE_STANDARD = gnu99;
				GCC_DYNAMIC_NO_PIC = NO;
				GCC_NO_COMMON_BLOCKS = YES;
				GCC_OPTIMIZATION_LEVEL = 0;
				GCC_PREPROCESSOR_DEFINITIONS = (
					"DEBUG=1",
					"$(inherited)",
				);
				GCC_WARN_64_TO_32_BIT_CONVERSION = YES;
				GCC_WARN_ABOUT_RETURN_TYPE = YES_ERROR;
				GCC_WARN_UNINITIALIZED_AUTOS = YES_AGGRESSIVE;
				INFOPLIST_FILE = Today/Info.plist;
				IPHONEOS_DEPLOYMENT_TARGET = 9.0;
				LD_RUNPATH_SEARCH_PATHS = "$(inherited) @executable_path/Frameworks @executable_path/../../Frameworks";
				MTL_ENABLE_DEBUG_INFO = YES;
				PRODUCT_BUNDLE_IDENTIFIER = com.sherpadesk.mobile.Today;
				PRODUCT_NAME = "$(TARGET_NAME)";
				PROVISIONING_PROFILE = "";
				SKIP_INSTALL = YES;
				SWIFT_OPTIMIZATION_LEVEL = "-Onone";
				SWIFT_VERSION = 3.0;
				TARGETED_DEVICE_FAMILY = "1,2";
			};
			name = Debug;
		};
		FA93E69C1B71203F00BE50F1 /* Release */ = {
			isa = XCBuildConfiguration;
			buildSettings = {
				ALWAYS_SEARCH_USER_PATHS = NO;
				CLANG_CXX_LANGUAGE_STANDARD = "gnu++0x";
				CLANG_CXX_LIBRARY = "libc++";
				CLANG_ENABLE_MODULES = YES;
				CLANG_WARN_DIRECT_OBJC_ISA_USAGE = YES_ERROR;
				CLANG_WARN_OBJC_ROOT_CLASS = YES_ERROR;
				CLANG_WARN_UNREACHABLE_CODE = YES;
				CODE_SIGN_ENTITLEMENTS = Today/Today.entitlements;
				CODE_SIGN_IDENTITY = "iPhone Distribution: bigWebApps, Inc. (ULP5NZPYZX)";
				"CODE_SIGN_IDENTITY[sdk=iphoneos*]" = "iPhone Developer";
				COPY_PHASE_STRIP = NO;
				DEBUG_INFORMATION_FORMAT = "dwarf-with-dsym";
				DEVELOPMENT_TEAM = "";
				ENABLE_NS_ASSERTIONS = NO;
				ENABLE_STRICT_OBJC_MSGSEND = YES;
				FRAMEWORK_SEARCH_PATHS = (
					"$(inherited)",
					"$(PROJECT_DIR)",
					"$(PROJECT_DIR)/build/Debug-iphoneos",
				);
				GCC_C_LANGUAGE_STANDARD = gnu99;
				GCC_NO_COMMON_BLOCKS = YES;
				GCC_WARN_64_TO_32_BIT_CONVERSION = YES;
				GCC_WARN_ABOUT_RETURN_TYPE = YES_ERROR;
				GCC_WARN_UNINITIALIZED_AUTOS = YES_AGGRESSIVE;
				INFOPLIST_FILE = Today/Info.plist;
				IPHONEOS_DEPLOYMENT_TARGET = 9.0;
				LD_RUNPATH_SEARCH_PATHS = "$(inherited) @executable_path/Frameworks @executable_path/../../Frameworks";
				MTL_ENABLE_DEBUG_INFO = NO;
				PRODUCT_BUNDLE_IDENTIFIER = com.sherpadesk.mobile.Today;
				PRODUCT_NAME = "$(TARGET_NAME)";
				PROVISIONING_PROFILE = "";
				PROVISIONING_PROFILE_SPECIFIER = "";
				SKIP_INSTALL = YES;
				SWIFT_VERSION = 3.0;
				TARGETED_DEVICE_FAMILY = "1,2";
				VALIDATE_PRODUCT = YES;
			};
			name = Release;
		};
/* End XCBuildConfiguration section */

/* Begin XCConfigurationList section */
		1D6058960D05DD3E006BFB54 /* Build configuration list for PBXNativeTarget "Sherpadesk" */ = {
			isa = XCConfigurationList;
			buildConfigurations = (
				1D6058940D05DD3E006BFB54 /* Debug */,
				1D6058950D05DD3E006BFB54 /* Release */,
			);
			defaultConfigurationIsVisible = 0;
			defaultConfigurationName = Release;
		};
		C01FCF4E08A954540054247B /* Build configuration list for PBXProject "SherpaDesk" */ = {
			isa = XCConfigurationList;
			buildConfigurations = (
				C01FCF4F08A954540054247B /* Debug */,
				C01FCF5008A954540054247B /* Release */,
			);
			defaultConfigurationIsVisible = 0;
			defaultConfigurationName = Release;
		};
		FA1173641BF9DC6E00D430C8 /* Build configuration list for PBXNativeTarget "sherpawatchapp Extension" */ = {
			isa = XCConfigurationList;
			buildConfigurations = (
				FA1173651BF9DC6E00D430C8 /* Debug */,
				FA1173661BF9DC6E00D430C8 /* Release */,
			);
			defaultConfigurationIsVisible = 0;
			defaultConfigurationName = Release;
		};
		FA1173681BF9DC6E00D430C8 /* Build configuration list for PBXNativeTarget "sherpawatchapp" */ = {
			isa = XCConfigurationList;
			buildConfigurations = (
				FA1173691BF9DC6E00D430C8 /* Debug */,
				FA11736A1BF9DC6E00D430C8 /* Release */,
			);
			defaultConfigurationIsVisible = 0;
			defaultConfigurationName = Release;
		};
		FA93E69D1B71203F00BE50F1 /* Build configuration list for PBXNativeTarget "Today" */ = {
			isa = XCConfigurationList;
			buildConfigurations = (
				FA93E69B1B71203F00BE50F1 /* Debug */,
				FA93E69C1B71203F00BE50F1 /* Release */,
			);
			defaultConfigurationIsVisible = 0;
			defaultConfigurationName = Release;
		};
/* End XCConfigurationList section */
	};
	rootObject = 29B97313FDCFA39411CA2CEA /* Project object */;
}
